
Microsoft Visual Studio Solution File, Format Version 12.00
# Visual Studio 11
Project("{262852C6-CD72-467D-83FE-5EEB1973A190}") = "HelloWorld", "HelloWorld\HelloWorld.jsproj", "{D3536407-6B82-4957-BFCB-5B48EF1A42BA}"
EndProject
Global
	GlobalSection(SolutionConfigurationPlatforms) = preSolution
		Debug|ARM = Debug|ARM
		Debug|Any CPU = Debug|Any CPU
		Debug|x64 = Debug|x64
		Debug|x86 = Debug|x86
		Release|ARM = Release|ARM
		Release|Any CPU = Release|Any CPU
		Release|x64 = Release|x64
		Release|x86 = Release|x86
	EndGlobalSection
	GlobalSection(ProjectConfigurationPlatforms) = postSolution
		{D3536407-6B82-4957-BFCB-5B48EF1A42BA}.Debug|ARM.ActiveCfg = Debug|ARM
		{D3536407-6B82-4957-BFCB-5B48EF1A42BA}.Debug|ARM.Build.0 = Debug|ARM
		{D3536407-6B82-4957-BFCB-5B48EF1A42BA}.Debug|ARM.Deploy.0 = Debug|ARM
		{D3536407-6B82-4957-BFCB-5B48EF1A42BA}.Debug|Any CPU.ActiveCfg = Debug|Any CPU
		{D3536407-6B82-4957-BFCB-5B48EF1A42BA}.Debug|Any CPU.Build.0 = Debug|Any CPU
		{D3536407-6B82-4957-BFCB-5B48EF1A42BA}.Debug|Any CPU.Deploy.0 = Debug|Any CPU
		{D3536407-6B82-4957-BFCB-5B48EF1A42BA}.Debug|x64.ActiveCfg = Debug|x64
		{D3536407-6B82-4957-BFCB-5B48EF1A42BA}.Debug|x64.Build.0 = Debug|x64
		{D3536407-6B82-4957-BFCB-5B48EF1A42BA}.Debug|x64.Deploy.0 = Debug|x64
		{D3536407-6B82-4957-BFCB-5B48EF1A42BA}.Debug|x86.ActiveCfg = Debug|x86
		{D3536407-6B82-4957-BFCB-5B48EF1A42BA}.Debug|x86.Build.0 = Debug|x86
		{D3536407-6B82-4957-BFCB-5B48EF1A42BA}.Debug|x86.Deploy.0 = Debug|x86
		{D3536407-6B82-4957-BFCB-5B48EF1A42BA}.Release|ARM.ActiveCfg = Release|ARM
		{D3536407-6B82-4957-BFCB-5B48EF1A42BA}.Release|ARM.Build.0 = Release|ARM
		{D3536407-6B82-4957-BFCB-5B48EF1A42BA}.Release|ARM.Deploy.0 = Release|ARM
		{D3536407-6B82-4957-BFCB-5B48EF1A42BA}.Release|Any CPU.ActiveCfg = Release|Any CPU
		{D3536407-6B82-4957-BFCB-5B48EF1A42BA}.Release|Any CPU.Build.0 = Release|Any CPU
		{D3536407-6B82-4957-BFCB-5B48EF1A42BA}.Release|Any CPU.Deploy.0 = Release|Any CPU
		{D3536407-6B82-4957-BFCB-5B48EF1A42BA}.Release|x64.ActiveCfg = Release|x64
		{D3536407-6B82-4957-BFCB-5B48EF1A42BA}.Release|x64.Build.0 = Release|x64
		{D3536407-6B82-4957-BFCB-5B48EF1A42BA}.Release|x64.Deploy.0 = Release|x64
		{D3536407-6B82-4957-BFCB-5B48EF1A42BA}.Release|x86.ActiveCfg = Release|x86
		{D3536407-6B82-4957-BFCB-5B48EF1A42BA}.Release|x86.Build.0 = Release|x86
		{D3536407-6B82-4957-BFCB-5B48EF1A42BA}.Release|x86.Deploy.0 = Release|x86
	EndGlobalSection
	GlobalSection(SolutionProperties) = preSolution
		HideSolutionNode = FALSE
	EndGlobalSection
EndGlobal
