
Microsoft Visual Studio Solution File, Format Version 12.00
# Visual Studio 2012
Project("{262852C6-CD72-467D-83FE-5EEB1973A190}") = "Settings", "Settings\Settings.jsproj", "{1AD1C5C3-7C82-4F92-B4AE-8FF797CCC76D}"
EndProject
Global
	GlobalSection(SolutionConfigurationPlatforms) = preSolution
		Debug|ARM = Debug|ARM
		Debug|Any CPU = Debug|Any CPU
		Debug|x64 = Debug|x64
		Debug|x86 = Debug|x86
		Release|ARM = Release|ARM
		Release|Any CPU = Release|Any CPU
		Release|x64 = Release|x64
		Release|x86 = Release|x86
	EndGlobalSection
	GlobalSection(ProjectConfigurationPlatforms) = postSolution
		{1AD1C5C3-7C82-4F92-B4AE-8FF797CCC76D}.Debug|ARM.ActiveCfg = Debug|ARM
		{1AD1C5C3-7C82-4F92-B4AE-8FF797CCC76D}.Debug|ARM.Build.0 = Debug|ARM
		{1AD1C5C3-7C82-4F92-B4AE-8FF797CCC76D}.Debug|ARM.Deploy.0 = Debug|ARM
		{1AD1C5C3-7C82-4F92-B4AE-8FF797CCC76D}.Debug|Any CPU.ActiveCfg = Debug|Any CPU
		{1AD1C5C3-7C82-4F92-B4AE-8FF797CCC76D}.Debug|Any CPU.Build.0 = Debug|Any CPU
		{1AD1C5C3-7C82-4F92-B4AE-8FF797CCC76D}.Debug|Any CPU.Deploy.0 = Debug|Any CPU
		{1AD1C5C3-7C82-4F92-B4AE-8FF797CCC76D}.Debug|x64.ActiveCfg = Debug|x64
		{1AD1C5C3-7C82-4F92-B4AE-8FF797CCC76D}.Debug|x64.Build.0 = Debug|x64
		{1AD1C5C3-7C82-4F92-B4AE-8FF797CCC76D}.Debug|x64.Deploy.0 = Debug|x64
		{1AD1C5C3-7C82-4F92-B4AE-8FF797CCC76D}.Debug|x86.ActiveCfg = Debug|x86
		{1AD1C5C3-7C82-4F92-B4AE-8FF797CCC76D}.Debug|x86.Build.0 = Debug|x86
		{1AD1C5C3-7C82-4F92-B4AE-8FF797CCC76D}.Debug|x86.Deploy.0 = Debug|x86
		{1AD1C5C3-7C82-4F92-B4AE-8FF797CCC76D}.Release|ARM.ActiveCfg = Release|ARM
		{1AD1C5C3-7C82-4F92-B4AE-8FF797CCC76D}.Release|ARM.Build.0 = Release|ARM
		{1AD1C5C3-7C82-4F92-B4AE-8FF797CCC76D}.Release|ARM.Deploy.0 = Release|ARM
		{1AD1C5C3-7C82-4F92-B4AE-8FF797CCC76D}.Release|Any CPU.ActiveCfg = Release|Any CPU
		{1AD1C5C3-7C82-4F92-B4AE-8FF797CCC76D}.Release|Any CPU.Build.0 = Release|Any CPU
		{1AD1C5C3-7C82-4F92-B4AE-8FF797CCC76D}.Release|Any CPU.Deploy.0 = Release|Any CPU
		{1AD1C5C3-7C82-4F92-B4AE-8FF797CCC76D}.Release|x64.ActiveCfg = Release|x64
		{1AD1C5C3-7C82-4F92-B4AE-8FF797CCC76D}.Release|x64.Build.0 = Release|x64
		{1AD1C5C3-7C82-4F92-B4AE-8FF797CCC76D}.Release|x64.Deploy.0 = Release|x64
		{1AD1C5C3-7C82-4F92-B4AE-8FF797CCC76D}.Release|x86.ActiveCfg = Release|x86
		{1AD1C5C3-7C82-4F92-B4AE-8FF797CCC76D}.Release|x86.Build.0 = Release|x86
		{1AD1C5C3-7C82-4F92-B4AE-8FF797CCC76D}.Release|x86.Deploy.0 = Release|x86
	EndGlobalSection
	GlobalSection(SolutionProperties) = preSolution
		HideSolutionNode = FALSE
	EndGlobalSection
EndGlobal
