
Microsoft Visual Studio Solution File, Format Version 12.00
# Visual Studio 2012
Project("{262852C6-CD72-467D-83FE-5EEB1973A190}") = "Background Processing", "Background Processing\Background Processing.jsproj", "{AA2CB190-7B3A-4AA3-8FC3-0C1B6B904AE6}"
EndProject
Global
	GlobalSection(SolutionConfigurationPlatforms) = preSolution
		Debug|ARM = Debug|ARM
		Debug|Any CPU = Debug|Any CPU
		Debug|x64 = Debug|x64
		Debug|x86 = Debug|x86
		Release|ARM = Release|ARM
		Release|Any CPU = Release|Any CPU
		Release|x64 = Release|x64
		Release|x86 = Release|x86
	EndGlobalSection
	GlobalSection(ProjectConfigurationPlatforms) = postSolution
		{AA2CB190-7B3A-4AA3-8FC3-0C1B6B904AE6}.Debug|ARM.ActiveCfg = Debug|ARM
		{AA2CB190-7B3A-4AA3-8FC3-0C1B6B904AE6}.Debug|ARM.Build.0 = Debug|ARM
		{AA2CB190-7B3A-4AA3-8FC3-0C1B6B904AE6}.Debug|ARM.Deploy.0 = Debug|ARM
		{AA2CB190-7B3A-4AA3-8FC3-0C1B6B904AE6}.Debug|Any CPU.ActiveCfg = Debug|Any CPU
		{AA2CB190-7B3A-4AA3-8FC3-0C1B6B904AE6}.Debug|Any CPU.Build.0 = Debug|Any CPU
		{AA2CB190-7B3A-4AA3-8FC3-0C1B6B904AE6}.Debug|Any CPU.Deploy.0 = Debug|Any CPU
		{AA2CB190-7B3A-4AA3-8FC3-0C1B6B904AE6}.Debug|x64.ActiveCfg = Debug|x64
		{AA2CB190-7B3A-4AA3-8FC3-0C1B6B904AE6}.Debug|x64.Build.0 = Debug|x64
		{AA2CB190-7B3A-4AA3-8FC3-0C1B6B904AE6}.Debug|x64.Deploy.0 = Debug|x64
		{AA2CB190-7B3A-4AA3-8FC3-0C1B6B904AE6}.Debug|x86.ActiveCfg = Debug|x86
		{AA2CB190-7B3A-4AA3-8FC3-0C1B6B904AE6}.Debug|x86.Build.0 = Debug|x86
		{AA2CB190-7B3A-4AA3-8FC3-0C1B6B904AE6}.Debug|x86.Deploy.0 = Debug|x86
		{AA2CB190-7B3A-4AA3-8FC3-0C1B6B904AE6}.Release|ARM.ActiveCfg = Release|ARM
		{AA2CB190-7B3A-4AA3-8FC3-0C1B6B904AE6}.Release|ARM.Build.0 = Release|ARM
		{AA2CB190-7B3A-4AA3-8FC3-0C1B6B904AE6}.Release|ARM.Deploy.0 = Release|ARM
		{AA2CB190-7B3A-4AA3-8FC3-0C1B6B904AE6}.Release|Any CPU.ActiveCfg = Release|Any CPU
		{AA2CB190-7B3A-4AA3-8FC3-0C1B6B904AE6}.Release|Any CPU.Build.0 = Release|Any CPU
		{AA2CB190-7B3A-4AA3-8FC3-0C1B6B904AE6}.Release|Any CPU.Deploy.0 = Release|Any CPU
		{AA2CB190-7B3A-4AA3-8FC3-0C1B6B904AE6}.Release|x64.ActiveCfg = Release|x64
		{AA2CB190-7B3A-4AA3-8FC3-0C1B6B904AE6}.Release|x64.Build.0 = Release|x64
		{AA2CB190-7B3A-4AA3-8FC3-0C1B6B904AE6}.Release|x64.Deploy.0 = Release|x64
		{AA2CB190-7B3A-4AA3-8FC3-0C1B6B904AE6}.Release|x86.ActiveCfg = Release|x86
		{AA2CB190-7B3A-4AA3-8FC3-0C1B6B904AE6}.Release|x86.Build.0 = Release|x86
		{AA2CB190-7B3A-4AA3-8FC3-0C1B6B904AE6}.Release|x86.Deploy.0 = Release|x86
	EndGlobalSection
	GlobalSection(SolutionProperties) = preSolution
		HideSolutionNode = FALSE
	EndGlobalSection
EndGlobal
